Microsoft Visual Studio Solution File, Format Version 12.00
# Visual Studio Version 17
VisualStudioVersion = 17.5.2.0
MinimumVisualStudioVersion = 10.0.40219.1
Project("{FAE04EC0-301F-11D3-BF4B-00C04F79EFBC}") = "Slafight_Plugin_EXILED", "Slafight_Plugin_EXILED.csproj", "{6C10B5DA-F947-117E-B6FF-DE439E4B5F9F}"
EndProject
Global
	GlobalSection(SolutionConfigurationPlatforms) = preSolution
		Debug|Any CPU = Debug|Any CPU
		Release|Any CPU = Release|Any CPU
	EndGlobalSection
	GlobalSection(ProjectConfigurationPlatforms) = postSolution
		{6C10B5DA-F947-117E-B6FF-DE439E4B5F9F}.Debug|Any CPU.ActiveCfg = Debug|Any CPU
		{6C10B5DA-F947-117E-B6FF-DE439E4B5F9F}.Debug|Any CPU.Build.0 = Debug|Any CPU
		{6C10B5DA-F947-117E-B6FF-DE439E4B5F9F}.Release|Any CPU.ActiveCfg = Release|Any CPU
		{6C10B5DA-F947-117E-B6FF-DE439E4B5F9F}.Release|Any CPU.Build.0 = Release|Any CPU
	EndGlobalSection
	GlobalSection(SolutionProperties) = preSolution
		HideSolutionNode = FALSE
	EndGlobalSection
	GlobalSection(ExtensibilityGlobals) = postSolution
		SolutionGuid = {4B87C18A-32CF-46DB-9387-9CB1F350F701}
	EndGlobalSection
EndGlobal
